<?xml version="1.0" encoding="utf-8"?>
<Project ToolsVersion="4.0" xmlns="http://schemas.microsoft.com/developer/msbuild/2003">
  <ItemGroup>
    <Filter Include="Source Files">
      <UniqueIdentifier>{4FC737F1-C7A5-4376-A066-2A32D752A2FF}</UniqueIdentifier>
      <Extensions>cpp;c;cc;cxx;c++;cppm;ixx;def;odl;idl;hpj;bat;asm;asmx</Extensions>
    </Filter>
    <Filter Include="Header Files">
      <UniqueIdentifier>{93995380-89BD-4b04-88EB-625FBE52EBFB}</UniqueIdentifier>
      <Extensions>h;hh;hpp;hxx;h++;hm;inl;inc;ipp;xsd</Extensions>
    </Filter>
    <Filter Include="Resource Files">
      <UniqueIdentifier>{67DA6AB6-F800-4c08-8B7A-83BB121AAD01}</UniqueIdentifier>
      <Extensions>rc;ico;cur;bmp;dlg;rc2;rct;bin;rgs;gif;jpg;jpeg;jpe;resx;tiff;tif;png;wav;mfcribbon-ms</Extensions>
    </Filter>
  </ItemGroup>
  <ItemGroup>
    <ClCompile Include="main.cpp">
      <Filter>Source Files</Filter>
    </ClCompile>
    <ClCompile Include="Syntax\src\Lexer.cpp">
      <Filter>Source Files</Filter>
    </ClCompile>
    <ClCompile Include="Syntax\src\LexerUtilFunction.cpp">
      <Filter>Source Files</Filter>
    </ClCompile>
    <ClCompile Include="Syntax\src\Parser.cpp">
      <Filter>Source Files</Filter>
    </ClCompile>
    <ClCompile Include="Syntax\src\ParserUtilFunction.cpp">
      <Filter>Source Files</Filter>
    </ClCompile>
    <ClCompile Include="Analyzer\src\SemanticAnalyzer.cpp">
      <Filter>Source Files</Filter>
    </ClCompile>
    <ClCompile Include="ByteCode\src\BytecodeGenerator.cpp">
      <Filter>Source Files</Filter>
    </ClCompile>
    <ClCompile Include="ByteCode\src\BytecodeGeneratorUtilFunction.cpp">
      <Filter>Header Files</Filter>
    </ClCompile>
    <ClCompile Include="VM\src\VirtualMachine.cpp">
      <Filter>Source Files</Filter>
    </ClCompile>
    <ClCompile Include="Common\src\SpaghettState.cpp">
      <Filter>Source Files</Filter>
    </ClCompile>
    <ClCompile Include="Library\src\BaseLib.cpp">
      <Filter>Source Files</Filter>
    </ClCompile>
    <ClCompile Include="Library\src\Register.cpp">
      <Filter>Source Files</Filter>
    </ClCompile>
    <ClCompile Include="Library\src\OSLib.cpp">
      <Filter>Source Files</Filter>
    </ClCompile>
    <ClCompile Include="Library\src\IOLib.cpp">
      <Filter>Source Files</Filter>
    </ClCompile>
    <ClCompile Include="Library\src\socket.cpp">
      <Filter>Source Files</Filter>
    </ClCompile>
    <ClCompile Include="Api\src\Sapi.cpp">
      <Filter>Source Files</Filter>
    </ClCompile>
    <ClCompile Include="Library\src\Coroutine.cpp">
      <Filter>Source Files</Filter>
    </ClCompile>
  </ItemGroup>
  <ItemGroup>
    <ClInclude Include="Common\include\Spaghett\Position.h">
      <Filter>Header Files</Filter>
    </ClInclude>
    <ClInclude Include="Syntax\include\Spaghett\Lexer.h">
      <Filter>Header Files</Filter>
    </ClInclude>
    <ClInclude Include="Common\include\Spaghett\Token.h">
      <Filter>Header Files</Filter>
    </ClInclude>
    <ClInclude Include="Common\include\Spaghett\Optimizeflag.h">
      <Filter>Header Files</Filter>
    </ClInclude>
    <ClInclude Include="Common\include\Spaghett\Ast.h">
      <Filter>Header Files</Filter>
    </ClInclude>
    <ClInclude Include="Syntax\include\Spaghett\Parser.h">
      <Filter>Header Files</Filter>
    </ClInclude>
    <ClInclude Include="Analyzer\include\Spaghett\SemanticAnalyzer.h">
      <Filter>Header Files</Filter>
    </ClInclude>
    <ClInclude Include="Common\include\Spaghett\Instruction.h">
      <Filter>Header Files</Filter>
    </ClInclude>
    <ClInclude Include="Common\include\Spaghett\Chunk.h">
      <Filter>Header Files</Filter>
    </ClInclude>
    <ClInclude Include="Common\include\Spaghett\TValue.h">
      <Filter>Header Files</Filter>
    </ClInclude>
    <ClInclude Include="ByteCode\include\Spaghett\BytecodeGenerator.h">
      <Filter>Header Files</Filter>
    </ClInclude>
    <ClInclude Include="Common\include\Spaghett\SpaghetState.h">
      <Filter>Header Files</Filter>
    </ClInclude>
    <ClInclude Include="VM\include\Spaghett\VirtualMachine.h">
      <Filter>Header Files</Filter>
    </ClInclude>
    <ClInclude Include="Library\include\Spaghett\SpaghettLibs.h">
      <Filter>Header Files</Filter>
    </ClInclude>
    <ClInclude Include="Analyzer\include\Spaghett\BuiltInRegistry.h">
      <Filter>Header Files</Filter>
    </ClInclude>
    <ClInclude Include="Api\include\Spaghett\Sapi.h">
      <Filter>Header Files</Filter>
    </ClInclude>
  </ItemGroup>
</Project>